
Microsoft Visual Studio Solution File, Format Version 12.00
# Visual Studio Version 17
VisualStudioVersion = 17.6.33829.357
MinimumVisualStudioVersion = 10.0.40219.1
Project("{FAE04EC0-301F-11D3-BF4B-00C04F79EFBC}") = "myWebAppTest1", "myWebAppTest1\myWebAppTest1.csproj", "{A0097909-E76D-4FDC-921B-7382B3EB6053}"
EndProject
Global
	GlobalSection(SolutionConfigurationPlatforms) = preSolution
		Debug|Any CPU = Debug|Any CPU
		Release|Any CPU = Release|Any CPU
	EndGlobalSection
	GlobalSection(ProjectConfigurationPlatforms) = postSolution
		{A0097909-E76D-4FDC-921B-7382B3EB6053}.Debug|Any CPU.ActiveCfg = Debug|Any CPU
		{A0097909-E76D-4FDC-921B-7382B3EB6053}.Debug|Any CPU.Build.0 = Debug|Any CPU
		{A0097909-E76D-4FDC-921B-7382B3EB6053}.Release|Any CPU.ActiveCfg = Release|Any CPU
		{A0097909-E76D-4FDC-921B-7382B3EB6053}.Release|Any CPU.Build.0 = Release|Any CPU
	EndGlobalSection
	GlobalSection(SolutionProperties) = preSolution
		HideSolutionNode = FALSE
	EndGlobalSection
	GlobalSection(ExtensibilityGlobals) = postSolution
		SolutionGuid = {9C8FE1F0-B336-4497-9BF9-480568A030CF}
	EndGlobalSection
EndGlobal
